// !$*UTF8*$!
{
	archiveVersion = 1;
	classes = {
	};
	objectVersion = 50;
	objects = {

/* Begin PBXBuildFile section */
		7CAFA9EA21253324009759F4 /* AppDelegate.swift in Sources */ = {isa = PBXBuildFile; fileRef = 7CAFA9E921253324009759F4 /* AppDelegate.swift */; };
		7CAFA9EC21253324009759F4 /* ViewController.swift in Sources */ = {isa = PBXBuildFile; fileRef = 7CAFA9EB21253324009759F4 /* ViewController.swift */; };
		7CAFA9EF21253324009759F4 /* Main.storyboard in Resources */ = {isa = PBXBuildFile; fileRef = 7CAFA9ED21253324009759F4 /* Main.storyboard */; };
		7CAFA9F121253324009759F4 /* Assets.xcassets in Resources */ = {isa = PBXBuildFile; fileRef = 7CAFA9F021253324009759F4 /* Assets.xcassets */; };
		7CAFA9F421253324009759F4 /* LaunchScreen.storyboard in Resources */ = {isa = PBXBuildFile; fileRef = 7CAFA9F221253324009759F4 /* LaunchScreen.storyboard */; };
		7CAFA9FF21253325009759F4 /* XpLyfeTests.swift in Sources */ = {isa = PBXBuildFile; fileRef = 7CAFA9FE21253325009759F4 /* XpLyfeTests.swift */; };
		7CAFAA0A21253325009759F4 /* XpLyfeUITests.swift in Sources */ = {isa = PBXBuildFile; fileRef = 7CAFAA0921253325009759F4 /* XpLyfeUITests.swift */; };
/* End PBXBuildFile section */

/* Begin PBXContainerItemProxy section */
		7CAFA9FB21253325009759F4 /* PBXContainerItemProxy */ = {
			isa = PBXContainerItemProxy;
			containerPortal = 7CAFA9DE21253324009759F4 /* Project object */;
			proxyType = 1;
			remoteGlobalIDString = 7CAFA9E521253324009759F4;
			remoteInfo = XpLyfe;
		};
		7CAFAA0621253325009759F4 /* PBXContainerItemProxy */ = {
			isa = PBXContainerItemProxy;
			containerPortal = 7CAFA9DE21253324009759F4 /* Project object */;
			proxyType = 1;
			remoteGlobalIDString = 7CAFA9E521253324009759F4;
			remoteInfo = XpLyfe;
		};
/* End PBXContainerItemProxy section */

/* Begin PBXFileReference section */
		7CAFA9E621253324009759F4 /* XpLyfe.app */ = {isa = PBXFileReference; explicitFileType = wrapper.application; includeInIndex = 0; path = XpLyfe.app; sourceTree = BUILT_PRODUCTS_DIR; };
		7CAFA9E921253324009759F4 /* AppDelegate.swift */ = {isa = PBXFileReference; lastKnownFileType = sourcecode.swift; path = AppDelegate.swift; sourceTree = "<group>"; };
		7CAFA9EB21253324009759F4 /* ViewController.swift */ = {isa = PBXFileReference; lastKnownFileType = sourcecode.swift; path = ViewController.swift; sourceTree = "<group>"; };
		7CAFA9EE21253324009759F4 /* Base */ = {isa = PBXFileReference; lastKnownFileType = file.storyboard; name = Base; path = Base.lproj/Main.storyboard; sourceTree = "<group>"; };
		7CAFA9F021253324009759F4 /* Assets.xcassets */ = {isa = PBXFileReference; lastKnownFileType = folder.assetcatalog; path = Assets.xcassets; sourceTree = "<group>"; };
		7CAFA9F321253324009759F4 /* Base */ = {isa = PBXFileReference; lastKnownFileType = file.storyboard; name = Base; path = Base.lproj/LaunchScreen.storyboard; sourceTree = "<group>"; };
		7CAFA9F521253325009759F4 /* Info.plist */ = {isa = PBXFileReference; lastKnownFileType = text.plist.xml; path = Info.plist; sourceTree = "<group>"; };
		7CAFA9FA21253325009759F4 /* XpLyfeTests.xctest */ = {isa = PBXFileReference; explicitFileType = wrapper.cfbundle; includeInIndex = 0; path = XpLyfeTests.xctest; sourceTree = BUILT_PRODUCTS_DIR; };
		7CAFA9FE21253325009759F4 /* XpLyfeTests.swift */ = {isa = PBXFileReference; lastKnownFileType = sourcecode.swift; path = XpLyfeTests.swift; sourceTree = "<group>"; };
		7CAFAA0021253325009759F4 /* Info.plist */ = {isa = PBXFileReference; lastKnownFileType = text.plist.xml; path = Info.plist; sourceTree = "<group>"; };
		7CAFAA0521253325009759F4 /* XpLyfeUITests.xctest */ = {isa = PBXFileReference; explicitFileType = wrapper.cfbundle; includeInIndex = 0; path = XpLyfeUITests.xctest; sourceTree = BUILT_PRODUCTS_DIR; };
		7CAFAA0921253325009759F4 /* XpLyfeUITests.swift */ = {isa = PBXFileReference; lastKnownFileType = sourcecode.swift; path = XpLyfeUITests.swift; sourceTree = "<group>"; };
		7CAFAA0B21253325009759F4 /* Info.plist */ = {isa = PBXFileReference; lastKnownFileType = text.plist.xml; path = Info.plist; sourceTree = "<group>"; };
/* End PBXFileReference section */

/* Begin PBXFrameworksBuildPhase section */
		7CAFA9E321253324009759F4 /* Frameworks */ = {
			isa = PBXFrameworksBuildPhase;
			buildActionMask = 2147483647;
			files = (
			);
			runOnlyForDeploymentPostprocessing = 0;
		};
		7CAFA9F721253325009759F4 /* Frameworks */ = {
			isa = PBXFrameworksBuildPhase;
			buildActionMask = 2147483647;
			files = (
			);
			runOnlyForDeploymentPostprocessing = 0;
		};
		7CAFAA0221253325009759F4 /* Frameworks */ = {
			isa = PBXFrameworksBuildPhase;
			buildActionMask = 2147483647;
			files = (
			);
			runOnlyForDeploymentPostprocessing = 0;
		};
/* End PBXFrameworksBuildPhase section */

/* Begin PBXGroup section */
		7CAFA9DD21253324009759F4 = {
			isa = PBXGroup;
			children = (
				7CAFA9E821253324009759F4 /* XpLyfe */,
				7CAFA9FD21253325009759F4 /* XpLyfeTests */,
				7CAFAA0821253325009759F4 /* XpLyfeUITests */,
				7CAFA9E721253324009759F4 /* Products */,
			);
			sourceTree = "<group>";
		};
		7CAFA9E721253324009759F4 /* Products */ = {
			isa = PBXGroup;
			children = (
				7CAFA9E621253324009759F4 /* XpLyfe.app */,
				7CAFA9FA21253325009759F4 /* XpLyfeTests.xctest */,
				7CAFAA0521253325009759F4 /* XpLyfeUITests.xctest */,
			);
			name = Products;
			sourceTree = "<group>";
		};
		7CAFA9E821253324009759F4 /* XpLyfe */ = {
			isa = PBXGroup;
			children = (
				7CAFA9E921253324009759F4 /* AppDelegate.swift */,
				7CAFA9EB21253324009759F4 /* ViewController.swift */,
				7CAFA9ED21253324009759F4 /* Main.storyboard */,
				7CAFA9F021253324009759F4 /* Assets.xcassets */,
				7CAFA9F221253324009759F4 /* LaunchScreen.storyboard */,
				7CAFA9F521253325009759F4 /* Info.plist */,
			);
			path = XpLyfe;
			sourceTree = "<group>";
		};
		7CAFA9FD21253325009759F4 /* XpLyfeTests */ = {
			isa = PBXGroup;
			children = (
				7CAFA9FE21253325009759F4 /* XpLyfeTests.swift */,
				7CAFAA0021253325009759F4 /* Info.plist */,
			);
			path = XpLyfeTests;
			sourceTree = "<group>";
		};
		7CAFAA0821253325009759F4 /* XpLyfeUITests */ = {
			isa = PBXGroup;
			children = (
				7CAFAA0921253325009759F4 /* XpLyfeUITests.swift */,
				7CAFAA0B21253325009759F4 /* Info.plist */,
			);
			path = XpLyfeUITests;
			sourceTree = "<group>";
		};
/* End PBXGroup section */

/* Begin PBXNativeTarget section */
		7CAFA9E521253324009759F4 /* XpLyfe */ = {
			isa = PBXNativeTarget;
			buildConfigurationList = 7CAFAA0E21253325009759F4 /* Build configuration list for PBXNativeTarget "XpLyfe" */;
			buildPhases = (
				7CAFA9E221253324009759F4 /* Sources */,
				7CAFA9E321253324009759F4 /* Frameworks */,
				7CAFA9E421253324009759F4 /* Resources */,
			);
			buildRules = (
			);
			dependencies = (
			);
			name = XpLyfe;
			productName = XpLyfe;
			productReference = 7CAFA9E621253324009759F4 /* XpLyfe.app */;
			productType = "com.apple.product-type.application";
		};
		7CAFA9F921253325009759F4 /* XpLyfeTests */ = {
			isa = PBXNativeTarget;
			buildConfigurationList = 7CAFAA1121253325009759F4 /* Build configuration list for PBXNativeTarget "XpLyfeTests" */;
			buildPhases = (
				7CAFA9F621253325009759F4 /* Sources */,
				7CAFA9F721253325009759F4 /* Frameworks */,
				7CAFA9F821253325009759F4 /* Resources */,
			);
			buildRules = (
			);
			dependencies = (
				7CAFA9FC21253325009759F4 /* PBXTargetDependency */,
			);
			name = XpLyfeTests;
			productName = XpLyfeTests;
			productReference = 7CAFA9FA21253325009759F4 /* XpLyfeTests.xctest */;
			productType = "com.apple.product-type.bundle.unit-test";
		};
		7CAFAA0421253325009759F4 /* XpLyfeUITests */ = {
			isa = PBXNativeTarget;
			buildConfigurationList = 7CAFAA1421253325009759F4 /* Build configuration list for PBXNativeTarget "XpLyfeUITests" */;
			buildPhases = (
				7CAFAA0121253325009759F4 /* Sources */,
				7CAFAA0221253325009759F4 /* Frameworks */,
				7CAFAA0321253325009759F4 /* Resources */,
			);
			buildRules = (
			);
			dependencies = (
				7CAFAA0721253325009759F4 /* PBXTargetDependency */,
			);
			name = XpLyfeUITests;
			productName = XpLyfeUITests;
			productReference = 7CAFAA0521253325009759F4 /* XpLyfeUITests.xctest */;
			productType = "com.apple.product-type.bundle.ui-testing";
		};
/* End PBXNativeTarget section */

/* Begin PBXProject section */
		7CAFA9DE21253324009759F4 /* Project object */ = {
			isa = PBXProject;
			attributes = {
				LastSwiftUpdateCheck = 0940;
				LastUpgradeCheck = 0940;
				ORGANIZATIONNAME = XpLyfe;
				TargetAttributes = {
					7CAFA9E521253324009759F4 = {
						CreatedOnToolsVersion = 9.4;
					};
					7CAFA9F921253325009759F4 = {
						CreatedOnToolsVersion = 9.4;
						TestTargetID = 7CAFA9E521253324009759F4;
					};
					7CAFAA0421253325009759F4 = {
						CreatedOnToolsVersion = 9.4;
						TestTargetID = 7CAFA9E521253324009759F4;
					};
				};
			};
			buildConfigurationList = 7CAFA9E121253324009759F4 /* Build configuration list for PBXProject "XpLyfe" */;
			compatibilityVersion = "Xcode 9.3";
			developmentRegion = en;
			hasScannedForEncodings = 0;
			knownRegions = (
				en,
				Base,
			);
			mainGroup = 7CAFA9DD21253324009759F4;
			productRefGroup = 7CAFA9E721253324009759F4 /* Products */;
			projectDirPath = "";
			projectRoot = "";
			targets = (
				7CAFA9E521253324009759F4 /* XpLyfe */,
				7CAFA9F921253325009759F4 /* XpLyfeTests */,
				7CAFAA0421253325009759F4 /* XpLyfeUITests */,
			);
		};
/* End PBXProject section */

/* Begin PBXResourcesBuildPhase section */
		7CAFA9E421253324009759F4 /* Resources */ = {
			isa = PBXResourcesBuildPhase;
			buildActionMask = 2147483647;
			files = (
				7CAFA9F421253324009759F4 /* LaunchScreen.storyboard in Resources */,
				7CAFA9F121253324009759F4 /* Assets.xcassets in Resources */,
				7CAFA9EF21253324009759F4 /* Main.storyboard in Resources */,
			);
			runOnlyForDeploymentPostprocessing = 0;
		};
		7CAFA9F821253325009759F4 /* Resources */ = {
			isa = PBXResourcesBuildPhase;
			buildActionMask = 2147483647;
			files = (
			);
			runOnlyForDeploymentPostprocessing = 0;
		};
		7CAFAA0321253325009759F4 /* Resources */ = {
			isa = PBXResourcesBuildPhase;
			buildActionMask = 2147483647;
			files = (
			);
			runOnlyForDeploymentPostprocessing = 0;
		};
/* End PBXResourcesBuildPhase section */

/* Begin PBXSourcesBuildPhase section */
		7CAFA9E221253324009759F4 /* Sources */ = {
			isa = PBXSourcesBuildPhase;
			buildActionMask = 2147483647;
			files = (
				7CAFA9EC21253324009759F4 /* ViewController.swift in Sources */,
				7CAFA9EA21253324009759F4 /* AppDelegate.swift in Sources */,
			);
			runOnlyForDeploymentPostprocessing = 0;
		};
		7CAFA9F621253325009759F4 /* Sources */ = {
			isa = PBXSourcesBuildPhase;
			buildActionMask = 2147483647;
			files = (
				7CAFA9FF21253325009759F4 /* XpLyfeTests.swift in Sources */,
			);
			runOnlyForDeploymentPostprocessing = 0;
		};
		7CAFAA0121253325009759F4 /* Sources */ = {
			isa = PBXSourcesBuildPhase;
			buildActionMask = 2147483647;
			files = (
				7CAFAA0A21253325009759F4 /* XpLyfeUITests.swift in Sources */,
			);
			runOnlyForDeploymentPostprocessing = 0;
		};
/* End PBXSourcesBuildPhase section */

/* Begin PBXTargetDependency section */
		7CAFA9FC21253325009759F4 /* PBXTargetDependency */ = {
			isa = PBXTargetDependency;
			target = 7CAFA9E521253324009759F4 /* XpLyfe */;
			targetProxy = 7CAFA9FB21253325009759F4 /* PBXContainerItemProxy */;
		};
		7CAFAA0721253325009759F4 /* PBXTargetDependency */ = {
			isa = PBXTargetDependency;
			target = 7CAFA9E521253324009759F4 /* XpLyfe */;
			targetProxy = 7CAFAA0621253325009759F4 /* PBXContainerItemProxy */;
		};
/* End PBXTargetDependency section */

/* Begin PBXVariantGroup section */
		7CAFA9ED21253324009759F4 /* Main.storyboard */ = {
			isa = PBXVariantGroup;
			children = (
				7CAFA9EE21253324009759F4 /* Base */,
			);
			name = Main.storyboard;
			sourceTree = "<group>";
		};
		7CAFA9F221253324009759F4 /* LaunchScreen.storyboard */ = {
			isa = PBXVariantGroup;
			children = (
				7CAFA9F321253324009759F4 /* Base */,
			);
			name = LaunchScreen.storyboard;
			sourceTree = "<group>";
		};
/* End PBXVariantGroup section */

/* Begin XCBuildConfiguration section */
		7CAFAA0C21253325009759F4 /* Debug */ = {
			isa = XCBuildConfiguration;
			buildSettings = {
				ALWAYS_SEARCH_USER_PATHS = NO;
				CLANG_ANALYZER_NONNULL = YES;
				CLANG_ANALYZER_NUMBER_OBJECT_CONVERSION = YES_AGGRESSIVE;
				CLANG_CXX_LANGUAGE_STANDARD = "gnu++14";
				CLANG_CXX_LIBRARY = "libc++";
				CLANG_ENABLE_MODULES = YES;
				CLANG_ENABLE_OBJC_ARC = YES;
				CLANG_ENABLE_OBJC_WEAK = YES;
				CLANG_WARN_BLOCK_CAPTURE_AUTORELEASING = YES;
				CLANG_WARN_BOOL_CONVERSION = YES;
				CLANG_WARN_COMMA = YES;
				CLANG_WARN_CONSTANT_CONVERSION = YES;
				CLANG_WARN_DEPRECATED_OBJC_IMPLEMENTATIONS = YES;
				CLANG_WARN_DIRECT_OBJC_ISA_USAGE = YES_ERROR;
				CLANG_WARN_DOCUMENTATION_COMMENTS = YES;
				CLANG_WARN_EMPTY_BODY = YES;
				CLANG_WARN_ENUM_CONVERSION = YES;
				CLANG_WARN_INFINITE_RECURSION = YES;
				CLANG_WARN_INT_CONVERSION = YES;
				CLANG_WARN_NON_LITERAL_NULL_CONVERSION = YES;
				CLANG_WARN_OBJC_IMPLICIT_RETAIN_SELF = YES;
				CLANG_WARN_OBJC_LITERAL_CONVERSION = YES;
				CLANG_WARN_OBJC_ROOT_CLASS = YES_ERROR;
				CLANG_WARN_RANGE_LOOP_ANALYSIS = YES;
				CLANG_WARN_STRICT_PROTOTYPES = YES;
				CLANG_WARN_SUSPICIOUS_MOVE = YES;
				CLANG_WARN_UNGUARDED_AVAILABILITY = YES_AGGRESSIVE;
				CLANG_WARN_UNREACHABLE_CODE = YES;
				CLANG_WARN__DUPLICATE_METHOD_MATCH = YES;
				CODE_SIGN_IDENTITY = "iPhone Developer";
				COPY_PHASE_STRIP = NO;
				DEBUG_INFORMATION_FORMAT = dwarf;
				ENABLE_STRICT_OBJC_MSGSEND = YES;
				ENABLE_TESTABILITY = YES;
				GCC_C_LANGUAGE_STANDARD = gnu11;
				GCC_DYNAMIC_NO_PIC = NO;
				GCC_NO_COMMON_BLOCKS = YES;
				GCC_OPTIMIZATION_LEVEL = 0;
				GCC_PREPROCESSOR_DEFINITIONS = (
					"DEBUG=1",
					"$(inherited)",
				);
				GCC_WARN_64_TO_32_BIT_CONVERSION = YES;
				GCC_WARN_ABOUT_RETURN_TYPE = YES_ERROR;
				GCC_WARN_UNDECLARED_SELECTOR = YES;
				GCC_WARN_UNINITIALIZED_AUTOS = YES_AGGRESSIVE;
				GCC_WARN_UNUSED_FUNCTION = YES;
				GCC_WARN_UNUSED_VARIABLE = YES;
				IPHONEOS_DEPLOYMENT_TARGET = 11.4;
				MTL_ENABLE_DEBUG_INFO = YES;
				ONLY_ACTIVE_ARCH = YES;
				SDKROOT = iphoneos;
				SWIFT_ACTIVE_COMPILATION_CONDITIONS = DEBUG;
				SWIFT_OPTIMIZATION_LEVEL = "-Onone";
			};
			name = Debug;
		};
		7CAFAA0D21253325009759F4 /* Release */ = {
			isa = XCBuildConfiguration;
			buildSettings = {
				ALWAYS_SEARCH_USER_PATHS = NO;
				CLANG_ANALYZER_NONNULL = YES;
				CLANG_ANALYZER_NUMBER_OBJECT_CONVERSION = YES_AGGRESSIVE;
				CLANG_CXX_LANGUAGE_STANDARD = "gnu++14";
				CLANG_CXX_LIBRARY = "libc++";
				CLANG_ENABLE_MODULES = YES;
				CLANG_ENABLE_OBJC_ARC = YES;
				CLANG_ENABLE_OBJC_WEAK = YES;
				CLANG_WARN_BLOCK_CAPTURE_AUTORELEASING = YES;
				CLANG_WARN_BOOL_CONVERSION = YES;
				CLANG_WARN_COMMA = YES;
				CLANG_WARN_CONSTANT_CONVERSION = YES;
				CLANG_WARN_DEPRECATED_OBJC_IMPLEMENTATIONS = YES;
				CLANG_WARN_DIRECT_OBJC_ISA_USAGE = YES_ERROR;
				CLANG_WARN_DOCUMENTATION_COMMENTS = YES;
				CLANG_WARN_EMPTY_BODY = YES;
				CLANG_WARN_ENUM_CONVERSION = YES;
				CLANG_WARN_INFINITE_RECURSION = YES;
				CLANG_WARN_INT_CONVERSION = YES;
				CLANG_WARN_NON_LITERAL_NULL_CONVERSION = YES;
				CLANG_WARN_OBJC_IMPLICIT_RETAIN_SELF = YES;
				CLANG_WARN_OBJC_LITERAL_CONVERSION = YES;
				CLANG_WARN_OBJC_ROOT_CLASS = YES_ERROR;
				CLANG_WARN_RANGE_LOOP_ANALYSIS = YES;
				CLANG_WARN_STRICT_PROTOTYPES = YES;
				CLANG_WARN_SUSPICIOUS_MOVE = YES;
				CLANG_WARN_UNGUARDED_AVAILABILITY = YES_AGGRESSIVE;
				CLANG_WARN_UNREACHABLE_CODE = YES;
				CLANG_WARN__DUPLICATE_METHOD_MATCH = YES;
				CODE_SIGN_IDENTITY = "iPhone Developer";
				COPY_PHASE_STRIP = NO;
				DEBUG_INFORMATION_FORMAT = "dwarf-with-dsym";
				ENABLE_NS_ASSERTIONS = NO;
				ENABLE_STRICT_OBJC_MSGSEND = YES;
				GCC_C_LANGUAGE_STANDARD = gnu11;
				GCC_NO_COMMON_BLOCKS = YES;
				GCC_WARN_64_TO_32_BIT_CONVERSION = YES;
				GCC_WARN_ABOUT_RETURN_TYPE = YES_ERROR;
				GCC_WARN_UNDECLARED_SELECTOR = YES;
				GCC_WARN_UNINITIALIZED_AUTOS = YES_AGGRESSIVE;
				GCC_WARN_UNUSED_FUNCTION = YES;
				GCC_WARN_UNUSED_VARIABLE = YES;
				IPHONEOS_DEPLOYMENT_TARGET = 11.4;
				MTL_ENABLE_DEBUG_INFO = NO;
				SDKROOT = iphoneos;
				SWIFT_COMPILATION_MODE = wholemodule;
				SWIFT_OPTIMIZATION_LEVEL = "-O";
				VALIDATE_PRODUCT = YES;
			};
			name = Release;
		};
		7CAFAA0F21253325009759F4 /* Debug */ = {
			isa = XCBuildConfiguration;
			buildSettings = {
				ASSETCATALOG_COMPILER_APPICON_NAME = AppIcon;
				CODE_SIGN_STYLE = Automatic;
				INFOPLIST_FILE = XpLyfe/Info.plist;
				LD_RUNPATH_SEARCH_PATHS = (
					"$(inherited)",
					"@executable_path/Frameworks",
				);
				PRODUCT_BUNDLE_IDENTIFIER = com.tamostudio.XpLyfe;
				PRODUCT_NAME = "$(TARGET_NAME)";
				SWIFT_VERSION = 4.0;
				TARGETED_DEVICE_FAMILY = "1,2";
			};
			name = Debug;
		};
		7CAFAA1021253325009759F4 /* Release */ = {
			isa = XCBuildConfiguration;
			buildSettings = {
				ASSETCATALOG_COMPILER_APPICON_NAME = AppIcon;
				CODE_SIGN_STYLE = Automatic;
				INFOPLIST_FILE = XpLyfe/Info.plist;
				LD_RUNPATH_SEARCH_PATHS = (
					"$(inherited)",
					"@executable_path/Frameworks",
				);
				PRODUCT_BUNDLE_IDENTIFIER = com.tamostudio.XpLyfe;
				PRODUCT_NAME = "$(TARGET_NAME)";
				SWIFT_VERSION = 4.0;
				TARGETED_DEVICE_FAMILY = "1,2";
			};
			name = Release;
		};
		7CAFAA1221253325009759F4 /* Debug */ = {
			isa = XCBuildConfiguration;
			buildSettings = {
				ALWAYS_EMBED_SWIFT_STANDARD_LIBRARIES = YES;
				BUNDLE_LOADER = "$(TEST_HOST)";
				CODE_SIGN_STYLE = Automatic;
				INFOPLIST_FILE = XpLyfeTests/Info.plist;
				LD_RUNPATH_SEARCH_PATHS = (
					"$(inherited)",
					"@executable_path/Frameworks",
					"@loader_path/Frameworks",
				);
				PRODUCT_BUNDLE_IDENTIFIER = com.tamostudio.XpLyfeTests;
				PRODUCT_NAME = "$(TARGET_NAME)";
				SWIFT_VERSION = 4.0;
				TARGETED_DEVICE_FAMILY = "1,2";
				TEST_HOST = "$(BUILT_PRODUCTS_DIR)/XpLyfe.app/XpLyfe";
			};
			name = Debug;
		};
		7CAFAA1321253325009759F4 /* Release */ = {
			isa = XCBuildConfiguration;
			buildSettings = {
				ALWAYS_EMBED_SWIFT_STANDARD_LIBRARIES = YES;
				BUNDLE_LOADER = "$(TEST_HOST)";
				CODE_SIGN_STYLE = Automatic;
				INFOPLIST_FILE = XpLyfeTests/Info.plist;
				LD_RUNPATH_SEARCH_PATHS = (
					"$(inherited)",
					"@executable_path/Frameworks",
					"@loader_path/Frameworks",
				);
				PRODUCT_BUNDLE_IDENTIFIER = com.tamostudio.XpLyfeTests;
				PRODUCT_NAME = "$(TARGET_NAME)";
				SWIFT_VERSION = 4.0;
				TARGETED_DEVICE_FAMILY = "1,2";
				TEST_HOST = "$(BUILT_PRODUCTS_DIR)/XpLyfe.app/XpLyfe";
			};
			name = Release;
		};
		7CAFAA1521253325009759F4 /* Debug */ = {
			isa = XCBuildConfiguration;
			buildSettings = {
				ALWAYS_EMBED_SWIFT_STANDARD_LIBRARIES = YES;
				CODE_SIGN_STYLE = Automatic;
				INFOPLIST_FILE = XpLyfeUITests/Info.plist;
				LD_RUNPATH_SEARCH_PATHS = (
					"$(inherited)",
					"@executable_path/Frameworks",
					"@loader_path/Frameworks",
				);
				PRODUCT_BUNDLE_IDENTIFIER = com.tamostudio.XpLyfeUITests;
				PRODUCT_NAME = "$(TARGET_NAME)";
				SWIFT_VERSION = 4.0;
				TARGETED_DEVICE_FAMILY = "1,2";
				TEST_TARGET_NAME = XpLyfe;
			};
			name = Debug;
		};
		7CAFAA1621253325009759F4 /* Release */ = {
			isa = XCBuildConfiguration;
			buildSettings = {
				ALWAYS_EMBED_SWIFT_STANDARD_LIBRARIES = YES;
				CODE_SIGN_STYLE = Automatic;
				INFOPLIST_FILE = XpLyfeUITests/Info.plist;
				LD_RUNPATH_SEARCH_PATHS = (
					"$(inherited)",
					"@executable_path/Frameworks",
					"@loader_path/Frameworks",
				);
				PRODUCT_BUNDLE_IDENTIFIER = com.tamostudio.XpLyfeUITests;
				PRODUCT_NAME = "$(TARGET_NAME)";
				SWIFT_VERSION = 4.0;
				TARGETED_DEVICE_FAMILY = "1,2";
				TEST_TARGET_NAME = XpLyfe;
			};
			name = Release;
		};
/* End XCBuildConfiguration section */

/* Begin XCConfigurationList section */
		7CAFA9E121253324009759F4 /* Build configuration list for PBXProject "XpLyfe" */ = {
			isa = XCConfigurationList;
			buildConfigurations = (
				7CAFAA0C21253325009759F4 /* Debug */,
				7CAFAA0D21253325009759F4 /* Release */,
			);
			defaultConfigurationIsVisible = 0;
			defaultConfigurationName = Release;
		};
		7CAFAA0E21253325009759F4 /* Build configuration list for PBXNativeTarget "XpLyfe" */ = {
			isa = XCConfigurationList;
			buildConfigurations = (
				7CAFAA0F21253325009759F4 /* Debug */,
				7CAFAA1021253325009759F4 /* Release */,
			);
			defaultConfigurationIsVisible = 0;
			defaultConfigurationName = Release;
		};
		7CAFAA1121253325009759F4 /* Build configuration list for PBXNativeTarget "XpLyfeTests" */ = {
			isa = XCConfigurationList;
			buildConfigurations = (
				7CAFAA1221253325009759F4 /* Debug */,
				7CAFAA1321253325009759F4 /* Release */,
			);
			defaultConfigurationIsVisible = 0;
			defaultConfigurationName = Release;
		};
		7CAFAA1421253325009759F4 /* Build configuration list for PBXNativeTarget "XpLyfeUITests" */ = {
			isa = XCConfigurationList;
			buildConfigurations = (
				7CAFAA1521253325009759F4 /* Debug */,
				7CAFAA1621253325009759F4 /* Release */,
			);
			defaultConfigurationIsVisible = 0;
			defaultConfigurationName = Release;
		};
/* End XCConfigurationList section */
	};
	rootObject = 7CAFA9DE21253324009759F4 /* Project object */;
}
